
Microsoft Visual Studio Solution File, Format Version 12.00
# Visual Studio Version 17
VisualStudioVersion = 17.1.32407.343
MinimumVisualStudioVersion = 10.0.40219.1
Project("{9A19103F-16F7-4668-BE54-9A1E7A4F7556}") = "Short.er", "Short.er.csproj", "{DA126C50-5A31-4C4D-BA37-72EF52F13629}"
EndProject
Global
	GlobalSection(SolutionConfigurationPlatforms) = preSolution
		Debug|Any CPU = Debug|Any CPU
		Release|Any CPU = Release|Any CPU
	EndGlobalSection
	GlobalSection(ProjectConfigurationPlatforms) = postSolution
		{DA126C50-5A31-4C4D-BA37-72EF52F13629}.Debug|Any CPU.ActiveCfg = Debug|Any CPU
		{DA126C50-5A31-4C4D-BA37-72EF52F13629}.Debug|Any CPU.Build.0 = Debug|Any CPU
		{DA126C50-5A31-4C4D-BA37-72EF52F13629}.Release|Any CPU.ActiveCfg = Release|Any CPU
		{DA126C50-5A31-4C4D-BA37-72EF52F13629}.Release|Any CPU.Build.0 = Release|Any CPU
	EndGlobalSection
	GlobalSection(SolutionProperties) = preSolution
		HideSolutionNode = FALSE
	EndGlobalSection
	GlobalSection(ExtensibilityGlobals) = postSolution
		SolutionGuid = {7E507E1E-D267-4CA8-A6ED-F8C5DB32C6AE}
	EndGlobalSection
EndGlobal
